
Microsoft Visual Studio Solution File, Format Version 12.00
# Visual Studio Version 17
VisualStudioVersion = 17.8.34330.188
MinimumVisualStudioVersion = 10.0.40219.1
Project("{9A19103F-16F7-4668-BE54-9A1E7A4F7556}") = "SimplexMethodWithM", "SimplexMethodWithM\SimplexMethodWithM.csproj", "{0CE5FAF1-A850-4EC5-A303-9CA4C1E1DF7E}"
EndProject
Project("{FAE04EC0-301F-11D3-BF4B-00C04F79EFBC}") = "ConsoleApp1", "ConsoleApp1\ConsoleApp1.csproj", "{F8F17960-CE62-41EA-B5E0-A622534AFAD4}"
EndProject
Global
	GlobalSection(SolutionConfigurationPlatforms) = preSolution
		Debug|Any CPU = Debug|Any CPU
		Release|Any CPU = Release|Any CPU
	EndGlobalSection
	GlobalSection(ProjectConfigurationPlatforms) = postSolution
		{0CE5FAF1-A850-4EC5-A303-9CA4C1E1DF7E}.Debug|Any CPU.ActiveCfg = Debug|Any CPU
		{0CE5FAF1-A850-4EC5-A303-9CA4C1E1DF7E}.Debug|Any CPU.Build.0 = Debug|Any CPU
		{0CE5FAF1-A850-4EC5-A303-9CA4C1E1DF7E}.Release|Any CPU.ActiveCfg = Release|Any CPU
		{0CE5FAF1-A850-4EC5-A303-9CA4C1E1DF7E}.Release|Any CPU.Build.0 = Release|Any CPU
		{F8F17960-CE62-41EA-B5E0-A622534AFAD4}.Debug|Any CPU.ActiveCfg = Debug|Any CPU
		{F8F17960-CE62-41EA-B5E0-A622534AFAD4}.Debug|Any CPU.Build.0 = Debug|Any CPU
		{F8F17960-CE62-41EA-B5E0-A622534AFAD4}.Release|Any CPU.ActiveCfg = Release|Any CPU
		{F8F17960-CE62-41EA-B5E0-A622534AFAD4}.Release|Any CPU.Build.0 = Release|Any CPU
	EndGlobalSection
	GlobalSection(SolutionProperties) = preSolution
		HideSolutionNode = FALSE
	EndGlobalSection
	GlobalSection(ExtensibilityGlobals) = postSolution
		SolutionGuid = {E9E0AC81-CFC9-4D39-88FB-208184770ABE}
	EndGlobalSection
EndGlobal
